// !$*UTF8*$!
{
	archiveVersion = 1;
	classes = {
	};
	objectVersion = 55;
	objects = {

/* Begin PBXBuildFile section */
		96AC069B28CA56120060A284 /* SwiftUI_ProjectsApp.swift in Sources */ = {isa = PBXBuildFile; fileRef = 96AC069A28CA56120060A284 /* SwiftUI_ProjectsApp.swift */; };
		96AC069D28CA56120060A284 /* ContentView.swift in Sources */ = {isa = PBXBuildFile; fileRef = 96AC069C28CA56120060A284 /* ContentView.swift */; };
		96AC069F28CA56120060A284 /* Assets.xcassets in Resources */ = {isa = PBXBuildFile; fileRef = 96AC069E28CA56120060A284 /* Assets.xcassets */; };
		96AC06A228CA56120060A284 /* Preview Assets.xcassets in Resources */ = {isa = PBXBuildFile; fileRef = 96AC06A128CA56120060A284 /* Preview Assets.xcassets */; };
		96AC06AC28CA56BD0060A284 /* VStack_Example.swift in Sources */ = {isa = PBXBuildFile; fileRef = 96AC06AB28CA56BD0060A284 /* VStack_Example.swift */; };
		96AC06AE28CA56F40060A284 /* HStack_Example.swift in Sources */ = {isa = PBXBuildFile; fileRef = 96AC06AD28CA56F40060A284 /* HStack_Example.swift */; };
		96AC06B028CA574F0060A284 /* ZStack_Example.swift in Sources */ = {isa = PBXBuildFile; fileRef = 96AC06AF28CA574F0060A284 /* ZStack_Example.swift */; };
		96AC06B328CA59A80060A284 /* Text_Example.swift in Sources */ = {isa = PBXBuildFile; fileRef = 96AC06B228CA59A80060A284 /* Text_Example.swift */; };
/* End PBXBuildFile section */

/* Begin PBXFileReference section */
		96AC069728CA56120060A284 /* SwiftUI_Projects.app */ = {isa = PBXFileReference; explicitFileType = wrapper.application; includeInIndex = 0; path = SwiftUI_Projects.app; sourceTree = BUILT_PRODUCTS_DIR; };
		96AC069A28CA56120060A284 /* SwiftUI_ProjectsApp.swift */ = {isa = PBXFileReference; lastKnownFileType = sourcecode.swift; path = SwiftUI_ProjectsApp.swift; sourceTree = "<group>"; };
		96AC069C28CA56120060A284 /* ContentView.swift */ = {isa = PBXFileReference; lastKnownFileType = sourcecode.swift; path = ContentView.swift; sourceTree = "<group>"; };
		96AC069E28CA56120060A284 /* Assets.xcassets */ = {isa = PBXFileReference; lastKnownFileType = folder.assetcatalog; path = Assets.xcassets; sourceTree = "<group>"; };
		96AC06A128CA56120060A284 /* Preview Assets.xcassets */ = {isa = PBXFileReference; lastKnownFileType = folder.assetcatalog; path = "Preview Assets.xcassets"; sourceTree = "<group>"; };
		96AC06AB28CA56BD0060A284 /* VStack_Example.swift */ = {isa = PBXFileReference; lastKnownFileType = sourcecode.swift; path = VStack_Example.swift; sourceTree = "<group>"; };
		96AC06AD28CA56F40060A284 /* HStack_Example.swift */ = {isa = PBXFileReference; lastKnownFileType = sourcecode.swift; path = HStack_Example.swift; sourceTree = "<group>"; };
		96AC06AF28CA574F0060A284 /* ZStack_Example.swift */ = {isa = PBXFileReference; lastKnownFileType = sourcecode.swift; path = ZStack_Example.swift; sourceTree = "<group>"; };
		96AC06B228CA59A80060A284 /* Text_Example.swift */ = {isa = PBXFileReference; lastKnownFileType = sourcecode.swift; path = Text_Example.swift; sourceTree = "<group>"; };
		96AC06BB28CA5FBC0060A284 /* README.md */ = {isa = PBXFileReference; lastKnownFileType = net.daringfireball.markdown; path = README.md; sourceTree = "<group>"; };
		96AC06BC28CA60DD0060A284 /* README.md */ = {isa = PBXFileReference; lastKnownFileType = net.daringfireball.markdown; path = README.md; sourceTree = "<group>"; };
/* End PBXFileReference section */

/* Begin PBXFrameworksBuildPhase section */
		96AC069428CA56120060A284 /* Frameworks */ = {
			isa = PBXFrameworksBuildPhase;
			buildActionMask = 2147483647;
			files = (
			);
			runOnlyForDeploymentPostprocessing = 0;
		};
/* End PBXFrameworksBuildPhase section */

/* Begin PBXGroup section */
		96AC068E28CA56120060A284 = {
			isa = PBXGroup;
			children = (
				96AC069928CA56120060A284 /* SwiftUI_Projects */,
				96AC069828CA56120060A284 /* Products */,
			);
			sourceTree = "<group>";
		};
		96AC069828CA56120060A284 /* Products */ = {
			isa = PBXGroup;
			children = (
				96AC069728CA56120060A284 /* SwiftUI_Projects.app */,
			);
			name = Products;
			sourceTree = "<group>";
		};
		96AC069928CA56120060A284 /* SwiftUI_Projects */ = {
			isa = PBXGroup;
			children = (
				96AC06A828CA56650060A284 /* 1 - StackViews */,
				96AC06B128CA598E0060A284 /* 2 - Text  */,
				96AC06BD28CA631E0060A284 /* 3 - Images */,
				96AC069A28CA56120060A284 /* SwiftUI_ProjectsApp.swift */,
				96AC069C28CA56120060A284 /* ContentView.swift */,
				96AC069E28CA56120060A284 /* Assets.xcassets */,
				96AC06A028CA56120060A284 /* Preview Content */,
			);
			path = SwiftUI_Projects;
			sourceTree = "<group>";
		};
		96AC06A028CA56120060A284 /* Preview Content */ = {
			isa = PBXGroup;
			children = (
				96AC06A128CA56120060A284 /* Preview Assets.xcassets */,
			);
			path = "Preview Content";
			sourceTree = "<group>";
		};
		96AC06A828CA56650060A284 /* 1 - StackViews */ = {
			isa = PBXGroup;
			children = (
				96AC06BB28CA5FBC0060A284 /* README.md */,
				96AC06AB28CA56BD0060A284 /* VStack_Example.swift */,
				96AC06AD28CA56F40060A284 /* HStack_Example.swift */,
				96AC06AF28CA574F0060A284 /* ZStack_Example.swift */,
			);
			path = "1 - StackViews";
			sourceTree = "<group>";
		};
		96AC06B128CA598E0060A284 /* 2 - Text  */ = {
			isa = PBXGroup;
			children = (
				96AC06BC28CA60DD0060A284 /* README.md */,
				96AC06B228CA59A80060A284 /* Text_Example.swift */,
			);
			path = "2 - Text ";
			sourceTree = "<group>";
		};
		96AC06BD28CA631E0060A284 /* 3 - Images */ = {
			isa = PBXGroup;
			children = (
			);
			path = "3 - Images";
			sourceTree = "<group>";
		};
/* End PBXGroup section */

/* Begin PBXNativeTarget section */
		96AC069628CA56120060A284 /* SwiftUI_Projects */ = {
			isa = PBXNativeTarget;
			buildConfigurationList = 96AC06A528CA56120060A284 /* Build configuration list for PBXNativeTarget "SwiftUI_Projects" */;
			buildPhases = (
				96AC069328CA56120060A284 /* Sources */,
				96AC069428CA56120060A284 /* Frameworks */,
				96AC069528CA56120060A284 /* Resources */,
			);
			buildRules = (
			);
			dependencies = (
			);
			name = SwiftUI_Projects;
			productName = SwiftUI_Projects;
			productReference = 96AC069728CA56120060A284 /* SwiftUI_Projects.app */;
			productType = "com.apple.product-type.application";
		};
/* End PBXNativeTarget section */

/* Begin PBXProject section */
		96AC068F28CA56120060A284 /* Project object */ = {
			isa = PBXProject;
			attributes = {
				BuildIndependentTargetsInParallel = 1;
				LastSwiftUpdateCheck = 1340;
				LastUpgradeCheck = 1340;
				TargetAttributes = {
					96AC069628CA56120060A284 = {
						CreatedOnToolsVersion = 13.4.1;
					};
				};
			};
			buildConfigurationList = 96AC069228CA56120060A284 /* Build configuration list for PBXProject "SwiftUI_Projects" */;
			compatibilityVersion = "Xcode 13.0";
			developmentRegion = en;
			hasScannedForEncodings = 0;
			knownRegions = (
				en,
				Base,
			);
			mainGroup = 96AC068E28CA56120060A284;
			productRefGroup = 96AC069828CA56120060A284 /* Products */;
			projectDirPath = "";
			projectRoot = "";
			targets = (
				96AC069628CA56120060A284 /* SwiftUI_Projects */,
			);
		};
/* End PBXProject section */

/* Begin PBXResourcesBuildPhase section */
		96AC069528CA56120060A284 /* Resources */ = {
			isa = PBXResourcesBuildPhase;
			buildActionMask = 2147483647;
			files = (
				96AC06A228CA56120060A284 /* Preview Assets.xcassets in Resources */,
				96AC069F28CA56120060A284 /* Assets.xcassets in Resources */,
			);
			runOnlyForDeploymentPostprocessing = 0;
		};
/* End PBXResourcesBuildPhase section */

/* Begin PBXSourcesBuildPhase section */
		96AC069328CA56120060A284 /* Sources */ = {
			isa = PBXSourcesBuildPhase;
			buildActionMask = 2147483647;
			files = (
				96AC06AE28CA56F40060A284 /* HStack_Example.swift in Sources */,
				96AC06AC28CA56BD0060A284 /* VStack_Example.swift in Sources */,
				96AC069D28CA56120060A284 /* ContentView.swift in Sources */,
				96AC069B28CA56120060A284 /* SwiftUI_ProjectsApp.swift in Sources */,
				96AC06B028CA574F0060A284 /* ZStack_Example.swift in Sources */,
				96AC06B328CA59A80060A284 /* Text_Example.swift in Sources */,
			);
			runOnlyForDeploymentPostprocessing = 0;
		};
/* End PBXSourcesBuildPhase section */

/* Begin XCBuildConfiguration section */
		96AC06A328CA56120060A284 /* Debug */ = {
			isa = XCBuildConfiguration;
			buildSettings = {
				ALWAYS_SEARCH_USER_PATHS = NO;
				CLANG_ANALYZER_NONNULL = YES;
				CLANG_ANALYZER_NUMBER_OBJECT_CONVERSION = YES_AGGRESSIVE;
				CLANG_CXX_LANGUAGE_STANDARD = "gnu++17";
				CLANG_ENABLE_MODULES = YES;
				CLANG_ENABLE_OBJC_ARC = YES;
				CLANG_ENABLE_OBJC_WEAK = YES;
				CLANG_WARN_BLOCK_CAPTURE_AUTORELEASING = YES;
				CLANG_WARN_BOOL_CONVERSION = YES;
				CLANG_WARN_COMMA = YES;
				CLANG_WARN_CONSTANT_CONVERSION = YES;
				CLANG_WARN_DEPRECATED_OBJC_IMPLEMENTATIONS = YES;
				CLANG_WARN_DIRECT_OBJC_ISA_USAGE = YES_ERROR;
				CLANG_WARN_DOCUMENTATION_COMMENTS = YES;
				CLANG_WARN_EMPTY_BODY = YES;
				CLANG_WARN_ENUM_CONVERSION = YES;
				CLANG_WARN_INFINITE_RECURSION = YES;
				CLANG_WARN_INT_CONVERSION = YES;
				CLANG_WARN_NON_LITERAL_NULL_CONVERSION = YES;
				CLANG_WARN_OBJC_IMPLICIT_RETAIN_SELF = YES;
				CLANG_WARN_OBJC_LITERAL_CONVERSION = YES;
				CLANG_WARN_OBJC_ROOT_CLASS = YES_ERROR;
				CLANG_WARN_QUOTED_INCLUDE_IN_FRAMEWORK_HEADER = YES;
				CLANG_WARN_RANGE_LOOP_ANALYSIS = YES;
				CLANG_WARN_STRICT_PROTOTYPES = YES;
				CLANG_WARN_SUSPICIOUS_MOVE = YES;
				CLANG_WARN_UNGUARDED_AVAILABILITY = YES_AGGRESSIVE;
				CLANG_WARN_UNREACHABLE_CODE = YES;
				CLANG_WARN__DUPLICATE_METHOD_MATCH = YES;
				COPY_PHASE_STRIP = NO;
				DEBUG_INFORMATION_FORMAT = dwarf;
				ENABLE_STRICT_OBJC_MSGSEND = YES;
				ENABLE_TESTABILITY = YES;
				GCC_C_LANGUAGE_STANDARD = gnu11;
				GCC_DYNAMIC_NO_PIC = NO;
				GCC_NO_COMMON_BLOCKS = YES;
				GCC_OPTIMIZATION_LEVEL = 0;
				GCC_PREPROCESSOR_DEFINITIONS = (
					"DEBUG=1",
					"$(inherited)",
				);
				GCC_WARN_64_TO_32_BIT_CONVERSION = YES;
				GCC_WARN_ABOUT_RETURN_TYPE = YES_ERROR;
				GCC_WARN_UNDECLARED_SELECTOR = YES;
				GCC_WARN_UNINITIALIZED_AUTOS = YES_AGGRESSIVE;
				GCC_WARN_UNUSED_FUNCTION = YES;
				GCC_WARN_UNUSED_VARIABLE = YES;
				IPHONEOS_DEPLOYMENT_TARGET = 15.5;
				MTL_ENABLE_DEBUG_INFO = INCLUDE_SOURCE;
				MTL_FAST_MATH = YES;
				ONLY_ACTIVE_ARCH = YES;
				SDKROOT = iphoneos;
				SWIFT_ACTIVE_COMPILATION_CONDITIONS = DEBUG;
				SWIFT_OPTIMIZATION_LEVEL = "-Onone";
			};
			name = Debug;
		};
		96AC06A428CA56120060A284 /* Release */ = {
			isa = XCBuildConfiguration;
			buildSettings = {
				ALWAYS_SEARCH_USER_PATHS = NO;
				CLANG_ANALYZER_NONNULL = YES;
				CLANG_ANALYZER_NUMBER_OBJECT_CONVERSION = YES_AGGRESSIVE;
				CLANG_CXX_LANGUAGE_STANDARD = "gnu++17";
				CLANG_ENABLE_MODULES = YES;
				CLANG_ENABLE_OBJC_ARC = YES;
				CLANG_ENABLE_OBJC_WEAK = YES;
				CLANG_WARN_BLOCK_CAPTURE_AUTORELEASING = YES;
				CLANG_WARN_BOOL_CONVERSION = YES;
				CLANG_WARN_COMMA = YES;
				CLANG_WARN_CONSTANT_CONVERSION = YES;
				CLANG_WARN_DEPRECATED_OBJC_IMPLEMENTATIONS = YES;
				CLANG_WARN_DIRECT_OBJC_ISA_USAGE = YES_ERROR;
				CLANG_WARN_DOCUMENTATION_COMMENTS = YES;
				CLANG_WARN_EMPTY_BODY = YES;
				CLANG_WARN_ENUM_CONVERSION = YES;
				CLANG_WARN_INFINITE_RECURSION = YES;
				CLANG_WARN_INT_CONVERSION = YES;
				CLANG_WARN_NON_LITERAL_NULL_CONVERSION = YES;
				CLANG_WARN_OBJC_IMPLICIT_RETAIN_SELF = YES;
				CLANG_WARN_OBJC_LITERAL_CONVERSION = YES;
				CLANG_WARN_OBJC_ROOT_CLASS = YES_ERROR;
				CLANG_WARN_QUOTED_INCLUDE_IN_FRAMEWORK_HEADER = YES;
				CLANG_WARN_RANGE_LOOP_ANALYSIS = YES;
				CLANG_WARN_STRICT_PROTOTYPES = YES;
				CLANG_WARN_SUSPICIOUS_MOVE = YES;
				CLANG_WARN_UNGUARDED_AVAILABILITY = YES_AGGRESSIVE;
				CLANG_WARN_UNREACHABLE_CODE = YES;
				CLANG_WARN__DUPLICATE_METHOD_MATCH = YES;
				COPY_PHASE_STRIP = NO;
				DEBUG_INFORMATION_FORMAT = "dwarf-with-dsym";
				ENABLE_NS_ASSERTIONS = NO;
				ENABLE_STRICT_OBJC_MSGSEND = YES;
				GCC_C_LANGUAGE_STANDARD = gnu11;
				GCC_NO_COMMON_BLOCKS = YES;
				GCC_WARN_64_TO_32_BIT_CONVERSION = YES;
				GCC_WARN_ABOUT_RETURN_TYPE = YES_ERROR;
				GCC_WARN_UNDECLARED_SELECTOR = YES;
				GCC_WARN_UNINITIALIZED_AUTOS = YES_AGGRESSIVE;
				GCC_WARN_UNUSED_FUNCTION = YES;
				GCC_WARN_UNUSED_VARIABLE = YES;
				IPHONEOS_DEPLOYMENT_TARGET = 15.5;
				MTL_ENABLE_DEBUG_INFO = NO;
				MTL_FAST_MATH = YES;
				SDKROOT = iphoneos;
				SWIFT_COMPILATION_MODE = wholemodule;
				SWIFT_OPTIMIZATION_LEVEL = "-O";
				VALIDATE_PRODUCT = YES;
			};
			name = Release;
		};
		96AC06A628CA56120060A284 /* Debug */ = {
			isa = XCBuildConfiguration;
			buildSettings = {
				ASSETCATALOG_COMPILER_APPICON_NAME = AppIcon;
				ASSETCATALOG_COMPILER_GLOBAL_ACCENT_COLOR_NAME = AccentColor;
				CODE_SIGN_STYLE = Automatic;
				CURRENT_PROJECT_VERSION = 1;
				DEVELOPMENT_ASSET_PATHS = "\"SwiftUI_Projects/Preview Content\"";
				DEVELOPMENT_TEAM = 862XVW26J2;
				ENABLE_PREVIEWS = YES;
				GENERATE_INFOPLIST_FILE = YES;
				INFOPLIST_KEY_UIApplicationSceneManifest_Generation = YES;
				INFOPLIST_KEY_UIApplicationSupportsIndirectInputEvents = YES;
				INFOPLIST_KEY_UILaunchScreen_Generation = YES;
				INFOPLIST_KEY_UISupportedInterfaceOrientations_iPad = "UIInterfaceOrientationPortrait UIInterfaceOrientationPortraitUpsideDown UIInterfaceOrientationLandscapeLeft UIInterfaceOrientationLandscapeRight";
				INFOPLIST_KEY_UISupportedInterfaceOrientations_iPhone = "UIInterfaceOrientationPortrait UIInterfaceOrientationLandscapeLeft UIInterfaceOrientationLandscapeRight";
				LD_RUNPATH_SEARCH_PATHS = (
					"$(inherited)",
					"@executable_path/Frameworks",
				);
				MARKETING_VERSION = 1.0;
				PRODUCT_BUNDLE_IDENTIFIER = "com.exapmele.SwiftUI-Projects";
				PRODUCT_NAME = "$(TARGET_NAME)";
				SWIFT_EMIT_LOC_STRINGS = YES;
				SWIFT_VERSION = 5.0;
				TARGETED_DEVICE_FAMILY = "1,2";
			};
			name = Debug;
		};
		96AC06A728CA56120060A284 /* Release */ = {
			isa = XCBuildConfiguration;
			buildSettings = {
				ASSETCATALOG_COMPILER_APPICON_NAME = AppIcon;
				ASSETCATALOG_COMPILER_GLOBAL_ACCENT_COLOR_NAME = AccentColor;
				CODE_SIGN_STYLE = Automatic;
				CURRENT_PROJECT_VERSION = 1;
				DEVELOPMENT_ASSET_PATHS = "\"SwiftUI_Projects/Preview Content\"";
				DEVELOPMENT_TEAM = 862XVW26J2;
				ENABLE_PREVIEWS = YES;
				GENERATE_INFOPLIST_FILE = YES;
				INFOPLIST_KEY_UIApplicationSceneManifest_Generation = YES;
				INFOPLIST_KEY_UIApplicationSupportsIndirectInputEvents = YES;
				INFOPLIST_KEY_UILaunchScreen_Generation = YES;
				INFOPLIST_KEY_UISupportedInterfaceOrientations_iPad = "UIInterfaceOrientationPortrait UIInterfaceOrientationPortraitUpsideDown UIInterfaceOrientationLandscapeLeft UIInterfaceOrientationLandscapeRight";
				INFOPLIST_KEY_UISupportedInterfaceOrientations_iPhone = "UIInterfaceOrientationPortrait UIInterfaceOrientationLandscapeLeft UIInterfaceOrientationLandscapeRight";
				LD_RUNPATH_SEARCH_PATHS = (
					"$(inherited)",
					"@executable_path/Frameworks",
				);
				MARKETING_VERSION = 1.0;
				PRODUCT_BUNDLE_IDENTIFIER = "com.exapmele.SwiftUI-Projects";
				PRODUCT_NAME = "$(TARGET_NAME)";
				SWIFT_EMIT_LOC_STRINGS = YES;
				SWIFT_VERSION = 5.0;
				TARGETED_DEVICE_FAMILY = "1,2";
			};
			name = Release;
		};
/* End XCBuildConfiguration section */

/* Begin XCConfigurationList section */
		96AC069228CA56120060A284 /* Build configuration list for PBXProject "SwiftUI_Projects" */ = {
			isa = XCConfigurationList;
			buildConfigurations = (
				96AC06A328CA56120060A284 /* Debug */,
				96AC06A428CA56120060A284 /* Release */,
			);
			defaultConfigurationIsVisible = 0;
			defaultConfigurationName = Release;
		};
		96AC06A528CA56120060A284 /* Build configuration list for PBXNativeTarget "SwiftUI_Projects" */ = {
			isa = XCConfigurationList;
			buildConfigurations = (
				96AC06A628CA56120060A284 /* Debug */,
				96AC06A728CA56120060A284 /* Release */,
			);
			defaultConfigurationIsVisible = 0;
			defaultConfigurationName = Release;
		};
/* End XCConfigurationList section */
	};
	rootObject = 96AC068F28CA56120060A284 /* Project object */;
}
